
Microsoft Visual Studio Solution File, Format Version 12.00
# Visual Studio Version 17
VisualStudioVersion = 17.0.32014.148
MinimumVisualStudioVersion = 10.0.40219.1
Project("{00D1A9C2-B5F0-4AF3-8072-F6C62B433612}") = "VideoDatabase", "VideoDatabase\VideoDatabase.sqlproj", "{4BBB7B00-5B11-4619-8689-D369A100610C}"
EndProject
Global
	GlobalSection(SolutionConfigurationPlatforms) = preSolution
		Debug|Any CPU = Debug|Any CPU
		Release|Any CPU = Release|Any CPU
	EndGlobalSection
	GlobalSection(ProjectConfigurationPlatforms) = postSolution
		{4BBB7B00-5B11-4619-8689-D369A100610C}.Debug|Any CPU.ActiveCfg = Debug|Any CPU
		{4BBB7B00-5B11-4619-8689-D369A100610C}.Debug|Any CPU.Build.0 = Debug|Any CPU
		{4BBB7B00-5B11-4619-8689-D369A100610C}.Debug|Any CPU.Deploy.0 = Debug|Any CPU
		{4BBB7B00-5B11-4619-8689-D369A100610C}.Release|Any CPU.ActiveCfg = Release|Any CPU
		{4BBB7B00-5B11-4619-8689-D369A100610C}.Release|Any CPU.Build.0 = Release|Any CPU
		{4BBB7B00-5B11-4619-8689-D369A100610C}.Release|Any CPU.Deploy.0 = Release|Any CPU
	EndGlobalSection
	GlobalSection(SolutionProperties) = preSolution
		HideSolutionNode = FALSE
	EndGlobalSection
	GlobalSection(ExtensibilityGlobals) = postSolution
		SolutionGuid = {872FBCD5-AF7F-4B13-A498-2F9A5BC845AD}
	EndGlobalSection
EndGlobal
